// !$*UTF8*$!
{
	archiveVersion = 1;
	classes = {
	};
	objectVersion = 77;
	objects = {

/* Begin PBXBuildFile section */
		147AAFB1305115E70007D45C /* JsonCodable in Frameworks */ = {isa = PBXBuildFile; productRef = 147AAFB0305115E70007D45C /* JsonCodable */; };
		147AAFB2305115E70007D45C /* Navigator in Frameworks */ = {isa = PBXBuildFile; productRef = 147AAFB3305115E70007D45C /* Navigator */; };
		147AAFB4305115E70007D45C /* SFSafeSymbols in Frameworks */ = {isa = PBXBuildFile; productRef = 147AAFB5305115E70007D45C /* SFSafeSymbols */; };
/* End PBXBuildFile section */

/* Begin PBXContainerItemProxy section */
		147AAF86305112CD0007D45C /* PBXContainerItemProxy */ = {
			isa = PBXContainerItemProxy;
			containerPortal = 147AAF70305112C90007D45C /* Project object */;
			proxyType = 1;
			remoteGlobalIDString = 147AAF77305112C90007D45C;
			remoteInfo = example;
		};
		147AAF90305112CD0007D45C /* PBXContainerItemProxy */ = {
			isa = PBXContainerItemProxy;
			containerPortal = 147AAF70305112C90007D45C /* Project object */;
			proxyType = 1;
			remoteGlobalIDString = 147AAF77305112C90007D45C;
			remoteInfo = example;
		};
/* End PBXContainerItemProxy section */

/* Begin PBXFileReference section */
		147AAF78305112C90007D45C /* example.app */ = {isa = PBXFileReference; explicitFileType = wrapper.application; includeInIndex = 0; path = example.app; sourceTree = BUILT_PRODUCTS_DIR; };
		147AAF85305112CD0007D45C /* exampleTests.xctest */ = {isa = PBXFileReference; explicitFileType = wrapper.cfbundle; includeInIndex = 0; path = exampleTests.xctest; sourceTree = BUILT_PRODUCTS_DIR; };
		147AAF8F305112CD0007D45C /* exampleUITests.xctest */ = {isa = PBXFileReference; explicitFileType = wrapper.cfbundle; includeInIndex = 0; path = exampleUITests.xctest; sourceTree = BUILT_PRODUCTS_DIR; };
/* End PBXFileReference section */

/* Begin PBXFileSystemSynchronizedRootGroup section */
		147AAF7A305112C90007D45C /* example */ = {
			isa = PBXFileSystemSynchronizedRootGroup;
			path = example;
			sourceTree = "<group>";
		};
		147AAF88305112CD0007D45C /* exampleTests */ = {
			isa = PBXFileSystemSynchronizedRootGroup;
			path = exampleTests;
			sourceTree = "<group>";
		};
		147AAF92305112CD0007D45C /* exampleUITests */ = {
			isa = PBXFileSystemSynchronizedRootGroup;
			path = exampleUITests;
			sourceTree = "<group>";
		};
/* End PBXFileSystemSynchronizedRootGroup section */

/* Begin PBXFrameworksBuildPhase section */
		147AAF75305112C90007D45C /* Frameworks */ = {
			isa = PBXFrameworksBuildPhase;
			buildActionMask = 2147483647;
			files = (
				147AAFB1305115E70007D45C /* JsonCodable in Frameworks */,
				147AAFB2305115E70007D45C /* Navigator in Frameworks */,
				147AAFB4305115E70007D45C /* SFSafeSymbols in Frameworks */,
			);
			runOnlyForDeploymentPostprocessing = 0;
		};
		147AAF82305112CD0007D45C /* Frameworks */ = {
			isa = PBXFrameworksBuildPhase;
			buildActionMask = 2147483647;
			files = (
			);
			runOnlyForDeploymentPostprocessing = 0;
		};
		147AAF8C305112CD0007D45C /* Frameworks */ = {
			isa = PBXFrameworksBuildPhase;
			buildActionMask = 2147483647;
			files = (
			);
			runOnlyForDeploymentPostprocessing = 0;
		};
/* End PBXFrameworksBuildPhase section */

/* Begin PBXGroup section */
		147AAF6F305112C90007D45C = {
			isa = PBXGroup;
			children = (
				147AAF7A305112C90007D45C /* example */,
				147AAF88305112CD0007D45C /* exampleTests */,
				147AAF92305112CD0007D45C /* exampleUITests */,
				147AAF79305112C90007D45C /* Products */,
			);
			sourceTree = "<group>";
		};
		147AAF79305112C90007D45C /* Products */ = {
			isa = PBXGroup;
			children = (
				147AAF78305112C90007D45C /* example.app */,
				147AAF85305112CD0007D45C /* exampleTests.xctest */,
				147AAF8F305112CD0007D45C /* exampleUITests.xctest */,
			);
			name = Products;
			sourceTree = "<group>";
		};
/* End PBXGroup section */

/* Begin PBXNativeTarget section */
		147AAF77305112C90007D45C /* example */ = {
			isa = PBXNativeTarget;
			buildConfigurationList = 147AAF99305112CD0007D45C /* Build configuration list for PBXNativeTarget "example" */;
			buildPhases = (
				147AAF74305112C90007D45C /* Sources */,
				147AAF75305112C90007D45C /* Frameworks */,
				147AAF76305112C90007D45C /* Resources */,
			);
			buildRules = (
			);
			dependencies = (
			);
			fileSystemSynchronizedGroups = (
				147AAF7A305112C90007D45C /* example */,
			);
			name = example;
			packageProductDependencies = (
				147AAFB0305115E70007D45C /* JsonCodable */,
				147AAFB3305115E70007D45C /* Navigator */,
				147AAFB5305115E70007D45C /* SFSafeSymbols */,
			);
			productName = example;
			productReference = 147AAF78305112C90007D45C /* example.app */;
			productType = "com.apple.product-type.application";
		};
		147AAF84305112CD0007D45C /* exampleTests */ = {
			isa = PBXNativeTarget;
			buildConfigurationList = 147AAF9C305112CD0007D45C /* Build configuration list for PBXNativeTarget "exampleTests" */;
			buildPhases = (
				147AAF81305112CD0007D45C /* Sources */,
				147AAF82305112CD0007D45C /* Frameworks */,
				147AAF83305112CD0007D45C /* Resources */,
			);
			buildRules = (
			);
			dependencies = (
				147AAF87305112CD0007D45C /* PBXTargetDependency */,
			);
			fileSystemSynchronizedGroups = (
				147AAF88305112CD0007D45C /* exampleTests */,
			);
			name = exampleTests;
			packageProductDependencies = (
			);
			productName = exampleTests;
			productReference = 147AAF85305112CD0007D45C /* exampleTests.xctest */;
			productType = "com.apple.product-type.bundle.unit-test";
		};
		147AAF8E305112CD0007D45C /* exampleUITests */ = {
			isa = PBXNativeTarget;
			buildConfigurationList = 147AAF9F305112CD0007D45C /* Build configuration list for PBXNativeTarget "exampleUITests" */;
			buildPhases = (
				147AAF8B305112CD0007D45C /* Sources */,
				147AAF8C305112CD0007D45C /* Frameworks */,
				147AAF8D305112CD0007D45C /* Resources */,
			);
			buildRules = (
			);
			dependencies = (
				147AAF91305112CD0007D45C /* PBXTargetDependency */,
			);
			fileSystemSynchronizedGroups = (
				147AAF92305112CD0007D45C /* exampleUITests */,
			);
			name = exampleUITests;
			packageProductDependencies = (
			);
			productName = exampleUITests;
			productReference = 147AAF8F305112CD0007D45C /* exampleUITests.xctest */;
			productType = "com.apple.product-type.bundle.ui-testing";
		};
/* End PBXNativeTarget section */

/* Begin PBXProject section */
		147AAF70305112C90007D45C /* Project object */ = {
			isa = PBXProject;
			attributes = {
				BuildIndependentTargetsInParallel = 1;
				LastSwiftUpdateCheck = 1630;
				LastUpgradeCheck = 1630;
				TargetAttributes = {
					147AAF77305112C90007D45C = {
						CreatedOnToolsVersion = 16.3;
					};
					147AAF84305112CD0007D45C = {
						CreatedOnToolsVersion = 16.3;
						TestTargetID = 147AAF77305112C90007D45C;
					};
					147AAF8E305112CD0007D45C = {
						CreatedOnToolsVersion = 16.3;
						TestTargetID = 147AAF77305112C90007D45C;
					};
				};
			};
			buildConfigurationList = 147AAF73305112C90007D45C /* Build configuration list for PBXProject "example" */;
			developmentRegion = en;
			hasScannedForEncodings = 0;
			knownRegions = (
				en,
				Base,
			);
			mainGroup = 147AAF6F305112C90007D45C;
			minimizedProjectReferenceProxies = 1;
			packageReferences = (
				147AAFAE305115E70007D45C /* XCLocalSwiftPackageReference "../../packages/JsonCodable" */,
				14FC04A230514B6300AC220C /* XCLocalSwiftPackageReference "../../packages/Navigator" */,
				147AAFB6305115E70007D45C /* XCLocalSwiftPackageReference "../../third_party/SFSafeSymbols" */,
			);
			preferredProjectObjectVersion = 77;
			productRefGroup = 147AAF79305112C90007D45C /* Products */;
			projectDirPath = "";
			projectRoot = "";
			targets = (
				147AAF77305112C90007D45C /* example */,
				147AAF84305112CD0007D45C /* exampleTests */,
				147AAF8E305112CD0007D45C /* exampleUITests */,
			);
		};
/* End PBXProject section */

/* Begin PBXResourcesBuildPhase section */
		147AAF76305112C90007D45C /* Resources */ = {
			isa = PBXResourcesBuildPhase;
			buildActionMask = 2147483647;
			files = (
			);
			runOnlyForDeploymentPostprocessing = 0;
		};
		147AAF83305112CD0007D45C /* Resources */ = {
			isa = PBXResourcesBuildPhase;
			buildActionMask = 2147483647;
			files = (
			);
			runOnlyForDeploymentPostprocessing = 0;
		};
		147AAF8D305112CD0007D45C /* Resources */ = {
			isa = PBXResourcesBuildPhase;
			buildActionMask = 2147483647;
			files = (
			);
			runOnlyForDeploymentPostprocessing = 0;
		};
/* End PBXResourcesBuildPhase section */

/* Begin PBXSourcesBuildPhase section */
		147AAF74305112C90007D45C /* Sources */ = {
			isa = PBXSourcesBuildPhase;
			buildActionMask = 2147483647;
			files = (
			);
			runOnlyForDeploymentPostprocessing = 0;
		};
		147AAF81305112CD0007D45C /* Sources */ = {
			isa = PBXSourcesBuildPhase;
			buildActionMask = 2147483647;
			files = (
			);
			runOnlyForDeploymentPostprocessing = 0;
		};
		147AAF8B305112CD0007D45C /* Sources */ = {
			isa = PBXSourcesBuildPhase;
			buildActionMask = 2147483647;
			files = (
			);
			runOnlyForDeploymentPostprocessing = 0;
		};
/* End PBXSourcesBuildPhase section */

/* Begin PBXTargetDependency section */
		147AAF87305112CD0007D45C /* PBXTargetDependency */ = {
			isa = PBXTargetDependency;
			target = 147AAF77305112C90007D45C /* example */;
			targetProxy = 147AAF86305112CD0007D45C /* PBXContainerItemProxy */;
		};
		147AAF91305112CD0007D45C /* PBXTargetDependency */ = {
			isa = PBXTargetDependency;
			target = 147AAF77305112C90007D45C /* example */;
			targetProxy = 147AAF90305112CD0007D45C /* PBXContainerItemProxy */;
		};
/* End PBXTargetDependency section */

/* Begin XCBuildConfiguration section */
		147AAF97305112CD0007D45C /* Debug */ = {
			isa = XCBuildConfiguration;
			buildSettings = {
				ALWAYS_SEARCH_USER_PATHS = NO;
				ASSETCATALOG_COMPILER_GENERATE_SWIFT_ASSET_SYMBOL_EXTENSIONS = YES;
				CLANG_ANALYZER_NONNULL = YES;
				CLANG_ANALYZER_NUMBER_OBJECT_CONVERSION = YES_AGGRESSIVE;
				CLANG_CXX_LANGUAGE_STANDARD = "gnu++20";
				CLANG_ENABLE_MODULES = YES;
				CLANG_ENABLE_OBJC_ARC = YES;
				CLANG_ENABLE_OBJC_WEAK = YES;
				CLANG_WARN_BLOCK_CAPTURE_AUTORELEASING = YES;
				CLANG_WARN_BOOL_CONVERSION = YES;
				CLANG_WARN_COMMA = YES;
				CLANG_WARN_CONSTANT_CONVERSION = YES;
				CLANG_WARN_DEPRECATED_OBJC_IMPLEMENTATIONS = YES;
				CLANG_WARN_DIRECT_OBJC_ISA_USAGE = YES_ERROR;
				CLANG_WARN_DOCUMENTATION_COMMENTS = YES;
				CLANG_WARN_EMPTY_BODY = YES;
				CLANG_WARN_ENUM_CONVERSION = YES;
				CLANG_WARN_INFINITE_RECURSION = YES;
				CLANG_WARN_INT_CONVERSION = YES;
				CLANG_WARN_NON_LITERAL_NULL_CONVERSION = YES;
				CLANG_WARN_OBJC_IMPLICIT_RETAIN_SELF = YES;
				CLANG_WARN_OBJC_LITERAL_CONVERSION = YES;
				CLANG_WARN_OBJC_ROOT_CLASS = YES_ERROR;
				CLANG_WARN_QUOTED_INCLUDE_IN_FRAMEWORK_HEADER = YES;
				CLANG_WARN_RANGE_LOOP_ANALYSIS = YES;
				CLANG_WARN_STRICT_PROTOTYPES = YES;
				CLANG_WARN_SUSPICIOUS_MOVE = YES;
				CLANG_WARN_UNGUARDED_AVAILABILITY = YES_AGGRESSIVE;
				CLANG_WARN_UNREACHABLE_CODE = YES;
				CLANG_WARN__DUPLICATE_METHOD_MATCH = YES;
				COPY_PHASE_STRIP = NO;
				DEBUG_INFORMATION_FORMAT = dwarf;
				DEVELOPMENT_TEAM = 2JZLEXVN7E;
				ENABLE_STRICT_OBJC_MSGSEND = YES;
				ENABLE_TESTABILITY = YES;
				ENABLE_USER_SCRIPT_SANDBOXING = YES;
				GCC_C_LANGUAGE_STANDARD = gnu17;
				GCC_DYNAMIC_NO_PIC = NO;
				GCC_NO_COMMON_BLOCKS = YES;
				GCC_OPTIMIZATION_LEVEL = 0;
				GCC_PREPROCESSOR_DEFINITIONS = (
					"DEBUG=1",
					"$(inherited)",
				);
				GCC_WARN_64_TO_32_BIT_CONVERSION = YES;
				GCC_WARN_ABOUT_RETURN_TYPE = YES_ERROR;
				GCC_WARN_UNDECLARED_SELECTOR = YES;
				GCC_WARN_UNINITIALIZED_AUTOS = YES_AGGRESSIVE;
				GCC_WARN_UNUSED_FUNCTION = YES;
				GCC_WARN_UNUSED_VARIABLE = YES;
				IPHONEOS_DEPLOYMENT_TARGET = 18.4;
				LOCALIZATION_PREFERS_STRING_CATALOGS = YES;
				MTL_ENABLE_DEBUG_INFO = INCLUDE_SOURCE;
				MTL_FAST_MATH = YES;
				ONLY_ACTIVE_ARCH = YES;
				SDKROOT = iphoneos;
				SWIFT_ACTIVE_COMPILATION_CONDITIONS = "DEBUG $(inherited)";
				SWIFT_OPTIMIZATION_LEVEL = "-Onone";
			};
			name = Debug;
		};
		147AAF98305112CD0007D45C /* Release */ = {
			isa = XCBuildConfiguration;
			buildSettings = {
				ALWAYS_SEARCH_USER_PATHS = NO;
				ASSETCATALOG_COMPILER_GENERATE_SWIFT_ASSET_SYMBOL_EXTENSIONS = YES;
				CLANG_ANALYZER_NONNULL = YES;
				CLANG_ANALYZER_NUMBER_OBJECT_CONVERSION = YES_AGGRESSIVE;
				CLANG_CXX_LANGUAGE_STANDARD = "gnu++20";
				CLANG_ENABLE_MODULES = YES;
				CLANG_ENABLE_OBJC_ARC = YES;
				CLANG_ENABLE_OBJC_WEAK = YES;
				CLANG_WARN_BLOCK_CAPTURE_AUTORELEASING = YES;
				CLANG_WARN_BOOL_CONVERSION = YES;
				CLANG_WARN_COMMA = YES;
				CLANG_WARN_CONSTANT_CONVERSION = YES;
				CLANG_WARN_DEPRECATED_OBJC_IMPLEMENTATIONS = YES;
				CLANG_WARN_DIRECT_OBJC_ISA_USAGE = YES_ERROR;
				CLANG_WARN_DOCUMENTATION_COMMENTS = YES;
				CLANG_WARN_EMPTY_BODY = YES;
				CLANG_WARN_ENUM_CONVERSION = YES;
				CLANG_WARN_INFINITE_RECURSION = YES;
				CLANG_WARN_INT_CONVERSION = YES;
				CLANG_WARN_NON_LITERAL_NULL_CONVERSION = YES;
				CLANG_WARN_OBJC_IMPLICIT_RETAIN_SELF = YES;
				CLANG_WARN_OBJC_LITERAL_CONVERSION = YES;
				CLANG_WARN_OBJC_ROOT_CLASS = YES_ERROR;
				CLANG_WARN_QUOTED_INCLUDE_IN_FRAMEWORK_HEADER = YES;
				CLANG_WARN_RANGE_LOOP_ANALYSIS = YES;
				CLANG_WARN_STRICT_PROTOTYPES = YES;
				CLANG_WARN_SUSPICIOUS_MOVE = YES;
				CLANG_WARN_UNGUARDED_AVAILABILITY = YES_AGGRESSIVE;
				CLANG_WARN_UNREACHABLE_CODE = YES;
				CLANG_WARN__DUPLICATE_METHOD_MATCH = YES;
				COPY_PHASE_STRIP = NO;
				DEBUG_INFORMATION_FORMAT = "dwarf-with-dsym";
				DEVELOPMENT_TEAM = 2JZLEXVN7E;
				ENABLE_NS_ASSERTIONS = NO;
				ENABLE_STRICT_OBJC_MSGSEND = YES;
				ENABLE_USER_SCRIPT_SANDBOXING = YES;
				GCC_C_LANGUAGE_STANDARD = gnu17;
				GCC_NO_COMMON_BLOCKS = YES;
				GCC_WARN_64_TO_32_BIT_CONVERSION = YES;
				GCC_WARN_ABOUT_RETURN_TYPE = YES_ERROR;
				GCC_WARN_UNDECLARED_SELECTOR = YES;
				GCC_WARN_UNINITIALIZED_AUTOS = YES_AGGRESSIVE;
				GCC_WARN_UNUSED_FUNCTION = YES;
				GCC_WARN_UNUSED_VARIABLE = YES;
				IPHONEOS_DEPLOYMENT_TARGET = 18.4;
				LOCALIZATION_PREFERS_STRING_CATALOGS = YES;
				MTL_ENABLE_DEBUG_INFO = NO;
				MTL_FAST_MATH = YES;
				SDKROOT = iphoneos;
				SWIFT_COMPILATION_MODE = wholemodule;
				VALIDATE_PRODUCT = YES;
			};
			name = Release;
		};
		147AAF9A305112CD0007D45C /* Debug */ = {
			isa = XCBuildConfiguration;
			buildSettings = {
				ASSETCATALOG_COMPILER_APPICON_NAME = AppIcon;
				ASSETCATALOG_COMPILER_GLOBAL_ACCENT_COLOR_NAME = AccentColor;
				CODE_SIGN_STYLE = Automatic;
				CURRENT_PROJECT_VERSION = 1;
				DEVELOPMENT_TEAM = 2JZLEXVN7E;
				ENABLE_PREVIEWS = YES;
				GENERATE_INFOPLIST_FILE = YES;
				INFOPLIST_FILE = Info.plist;
				INFOPLIST_KEY_UIApplicationSceneManifest_Generation = YES;
				INFOPLIST_KEY_UIApplicationSupportsIndirectInputEvents = YES;
				INFOPLIST_KEY_UISupportedInterfaceOrientations_iPad = "UIInterfaceOrientationPortrait UIInterfaceOrientationPortraitUpsideDown UIInterfaceOrientationLandscapeLeft UIInterfaceOrientationLandscapeRight";
				INFOPLIST_KEY_UISupportedInterfaceOrientations_iPhone = "UIInterfaceOrientationPortrait UIInterfaceOrientationLandscapeLeft UIInterfaceOrientationLandscapeRight";
				LD_RUNPATH_SEARCH_PATHS = (
					"$(inherited)",
					"@executable_path/Frameworks",
				);
				MARKETING_VERSION = 1.0;
				PRODUCT_BUNDLE_IDENTIFIER = bin.MacTemplet.uiswiftProject.example;
				PRODUCT_NAME = "$(TARGET_NAME)";
				SWIFT_EMIT_LOC_STRINGS = YES;
				SWIFT_VERSION = 5.0;
				TARGETED_DEVICE_FAMILY = "1,2";
			};
			name = Debug;
		};
		147AAF9B305112CD0007D45C /* Release */ = {
			isa = XCBuildConfiguration;
			buildSettings = {
				ASSETCATALOG_COMPILER_APPICON_NAME = AppIcon;
				ASSETCATALOG_COMPILER_GLOBAL_ACCENT_COLOR_NAME = AccentColor;
				CODE_SIGN_STYLE = Automatic;
				CURRENT_PROJECT_VERSION = 1;
				DEVELOPMENT_TEAM = 2JZLEXVN7E;
				ENABLE_PREVIEWS = YES;
				GENERATE_INFOPLIST_FILE = YES;
				INFOPLIST_FILE = Info.plist;
				INFOPLIST_KEY_UIApplicationSceneManifest_Generation = YES;
				INFOPLIST_KEY_UIApplicationSupportsIndirectInputEvents = YES;
				INFOPLIST_KEY_UISupportedInterfaceOrientations_iPad = "UIInterfaceOrientationPortrait UIInterfaceOrientationPortraitUpsideDown UIInterfaceOrientationLandscapeLeft UIInterfaceOrientationLandscapeRight";
				INFOPLIST_KEY_UISupportedInterfaceOrientations_iPhone = "UIInterfaceOrientationPortrait UIInterfaceOrientationLandscapeLeft UIInterfaceOrientationLandscapeRight";
				LD_RUNPATH_SEARCH_PATHS = (
					"$(inherited)",
					"@executable_path/Frameworks",
				);
				MARKETING_VERSION = 1.0;
				PRODUCT_BUNDLE_IDENTIFIER = bin.MacTemplet.uiswiftProject.example;
				PRODUCT_NAME = "$(TARGET_NAME)";
				SWIFT_EMIT_LOC_STRINGS = YES;
				SWIFT_VERSION = 5.0;
				TARGETED_DEVICE_FAMILY = "1,2";
			};
			name = Release;
		};
		147AAF9D305112CD0007D45C /* Debug */ = {
			isa = XCBuildConfiguration;
			buildSettings = {
				BUNDLE_LOADER = "$(TEST_HOST)";
				CODE_SIGN_STYLE = Automatic;
				CURRENT_PROJECT_VERSION = 1;
				DEVELOPMENT_TEAM = 2JZLEXVN7E;
				GENERATE_INFOPLIST_FILE = YES;
				IPHONEOS_DEPLOYMENT_TARGET = 18.4;
				MARKETING_VERSION = 1.0;
				PRODUCT_BUNDLE_IDENTIFIER = bin.MacTemplet.uiswiftProject.exampleTests;
				PRODUCT_NAME = "$(TARGET_NAME)";
				SWIFT_EMIT_LOC_STRINGS = NO;
				SWIFT_VERSION = 5.0;
				TARGETED_DEVICE_FAMILY = "1,2";
				TEST_HOST = "$(BUILT_PRODUCTS_DIR)/example.app/$(BUNDLE_EXECUTABLE_FOLDER_PATH)/example";
			};
			name = Debug;
		};
		147AAF9E305112CD0007D45C /* Release */ = {
			isa = XCBuildConfiguration;
			buildSettings = {
				BUNDLE_LOADER = "$(TEST_HOST)";
				CODE_SIGN_STYLE = Automatic;
				CURRENT_PROJECT_VERSION = 1;
				DEVELOPMENT_TEAM = 2JZLEXVN7E;
				GENERATE_INFOPLIST_FILE = YES;
				IPHONEOS_DEPLOYMENT_TARGET = 18.4;
				MARKETING_VERSION = 1.0;
				PRODUCT_BUNDLE_IDENTIFIER = bin.MacTemplet.uiswiftProject.exampleTests;
				PRODUCT_NAME = "$(TARGET_NAME)";
				SWIFT_EMIT_LOC_STRINGS = NO;
				SWIFT_VERSION = 5.0;
				TARGETED_DEVICE_FAMILY = "1,2";
				TEST_HOST = "$(BUILT_PRODUCTS_DIR)/example.app/$(BUNDLE_EXECUTABLE_FOLDER_PATH)/example";
			};
			name = Release;
		};
		147AAFA0305112CD0007D45C /* Debug */ = {
			isa = XCBuildConfiguration;
			buildSettings = {
				CODE_SIGN_STYLE = Automatic;
				CURRENT_PROJECT_VERSION = 1;
				DEVELOPMENT_TEAM = 2JZLEXVN7E;
				GENERATE_INFOPLIST_FILE = YES;
				MARKETING_VERSION = 1.0;
				PRODUCT_BUNDLE_IDENTIFIER = bin.MacTemplet.uiswiftProject.exampleUITests;
				PRODUCT_NAME = "$(TARGET_NAME)";
				SWIFT_EMIT_LOC_STRINGS = NO;
				SWIFT_VERSION = 5.0;
				TARGETED_DEVICE_FAMILY = "1,2";
				TEST_TARGET_NAME = example;
			};
			name = Debug;
		};
		147AAFA1305112CD0007D45C /* Release */ = {
			isa = XCBuildConfiguration;
			buildSettings = {
				CODE_SIGN_STYLE = Automatic;
				CURRENT_PROJECT_VERSION = 1;
				DEVELOPMENT_TEAM = 2JZLEXVN7E;
				GENERATE_INFOPLIST_FILE = YES;
				MARKETING_VERSION = 1.0;
				PRODUCT_BUNDLE_IDENTIFIER = bin.MacTemplet.uiswiftProject.exampleUITests;
				PRODUCT_NAME = "$(TARGET_NAME)";
				SWIFT_EMIT_LOC_STRINGS = NO;
				SWIFT_VERSION = 5.0;
				TARGETED_DEVICE_FAMILY = "1,2";
				TEST_TARGET_NAME = example;
			};
			name = Release;
		};
/* End XCBuildConfiguration section */

/* Begin XCConfigurationList section */
		147AAF73305112C90007D45C /* Build configuration list for PBXProject "example" */ = {
			isa = XCConfigurationList;
			buildConfigurations = (
				147AAF97305112CD0007D45C /* Debug */,
				147AAF98305112CD0007D45C /* Release */,
			);
			defaultConfigurationIsVisible = 0;
			defaultConfigurationName = Release;
		};
		147AAF99305112CD0007D45C /* Build configuration list for PBXNativeTarget "example" */ = {
			isa = XCConfigurationList;
			buildConfigurations = (
				147AAF9A305112CD0007D45C /* Debug */,
				147AAF9B305112CD0007D45C /* Release */,
			);
			defaultConfigurationIsVisible = 0;
			defaultConfigurationName = Release;
		};
		147AAF9C305112CD0007D45C /* Build configuration list for PBXNativeTarget "exampleTests" */ = {
			isa = XCConfigurationList;
			buildConfigurations = (
				147AAF9D305112CD0007D45C /* Debug */,
				147AAF9E305112CD0007D45C /* Release */,
			);
			defaultConfigurationIsVisible = 0;
			defaultConfigurationName = Release;
		};
		147AAF9F305112CD0007D45C /* Build configuration list for PBXNativeTarget "exampleUITests" */ = {
			isa = XCConfigurationList;
			buildConfigurations = (
				147AAFA0305112CD0007D45C /* Debug */,
				147AAFA1305112CD0007D45C /* Release */,
			);
			defaultConfigurationIsVisible = 0;
			defaultConfigurationName = Release;
		};
/* End XCConfigurationList section */

/* Begin XCLocalSwiftPackageReference section */
		147AAFAE305115E70007D45C /* XCLocalSwiftPackageReference "../../packages/JsonCodable" */ = {
			isa = XCLocalSwiftPackageReference;
			relativePath = ../../packages/JsonCodable;
		};
		14FC04A230514B6300AC220C /* XCLocalSwiftPackageReference "../../packages/Navigator" */ = {
			isa = XCLocalSwiftPackageReference;
			relativePath = ../../packages/Navigator;
		};
		147AAFB6305115E70007D45C /* XCLocalSwiftPackageReference "../../third_party/SFSafeSymbols" */ = {
			isa = XCLocalSwiftPackageReference;
			relativePath = ../../third_party/SFSafeSymbols;
		};
/* End XCLocalSwiftPackageReference section */

/* Begin XCSwiftPackageProductDependency section */
		147AAFB0305115E70007D45C /* JsonCodable */ = {
			isa = XCSwiftPackageProductDependency;
			package = 147AAFAE305115E70007D45C /* XCLocalSwiftPackageReference "../../packages/JsonCodable" */;
			productName = JsonCodable;
		};
		147AAFB3305115E70007D45C /* Navigator */ = {
			isa = XCSwiftPackageProductDependency;
			package = 14FC04A230514B6300AC220C /* XCLocalSwiftPackageReference "../../packages/Navigator" */;
			productName = Navigator;
		};
		147AAFB5305115E70007D45C /* SFSafeSymbols */ = {
			isa = XCSwiftPackageProductDependency;
			package = 147AAFB6305115E70007D45C /* XCLocalSwiftPackageReference "../../third_party/SFSafeSymbols" */;
			productName = SFSafeSymbols;
		};
/* End XCSwiftPackageProductDependency section */
	};
	rootObject = 147AAF70305112C90007D45C /* Project object */;
}
